
Microsoft Visual Studio Solution File, Format Version 12.00
# Visual Studio Version 17
VisualStudioVersion = 17.5.002.0
MinimumVisualStudioVersion = 10.0.40219.1
Project("{2150E333-8FDC-42A3-9474-1A3956D46DE8}") = "CSharp", "CSharp", "{3E2BA20F-F6AC-450F-86DD-B4CFD69EB310}"
EndProject
Project("{2150E333-8FDC-42A3-9474-1A3956D46DE8}") = "Interop", "Interop", "{BA3B6A30-AB71-4481-AF78-1B4F6BF011F1}"
EndProject
Project("{9A19103F-16F7-4668-BE54-9A1E7A4F7556}") = "Interop.CloudEvents", "CSharp\Interop\CloudEvents\Interop.CloudEvents.csproj", "{BD2B6497-0EB8-422C-B131-E94797ADBFC5}"
EndProject
Project("{9A19103F-16F7-4668-BE54-9A1E7A4F7556}") = "Interop.Core", "CSharp\Interop\Core\Interop.Core.csproj", "{7DFB5236-5EB9-4775-AD04-B84F083315FE}"
EndProject
Project("{9A19103F-16F7-4668-BE54-9A1E7A4F7556}") = "Interop.Core.Tests", "CSharp\Interop\Core.Tests\Interop.Core.Tests.csproj", "{1CCF0CF3-7F9E-4139-8796-FA526428FC3C}"
EndProject
Project("{2150E333-8FDC-42A3-9474-1A3956D46DE8}") = "Kafka", "Kafka", "{05DB0FBA-233B-4FD5-9297-8D29E101FEB5}"
EndProject
Project("{9A19103F-16F7-4668-BE54-9A1E7A4F7556}") = "Kafka.Client", "CSharp\Kafka\Client\Kafka.Client.csproj", "{8D06D9B9-BB9C-4016-A02B-3683B67B8DD4}"
EndProject
Project("{9A19103F-16F7-4668-BE54-9A1E7A4F7556}") = "Kafka.Client.Tests", "CSharp\Kafka\Client.Tests\Kafka.Client.Tests.csproj", "{EF83F945-A329-4D8B-9C76-CCC04BD2A771}"
EndProject
Project("{9A19103F-16F7-4668-BE54-9A1E7A4F7556}") = "Kafka.CloudEvents", "CSharp\Kafka\CloudEvents\Kafka.CloudEvents.csproj", "{941E2259-9E4D-450C-ABE1-E3AA5428B09A}"
EndProject
Project("{9A19103F-16F7-4668-BE54-9A1E7A4F7556}") = "Kafka.CloudEvents.Tests", "CSharp\Kafka\CloudEvents.Tests\Kafka.CloudEvents.Tests.csproj", "{0238BDDA-677F-4499-AD24-8013FE9B78B1}"
EndProject
Project("{2150E333-8FDC-42A3-9474-1A3956D46DE8}") = "MongoDB", "MongoDB", "{40F59344-F7FB-477A-81C7-8145F9902F65}"
EndProject
Project("{2150E333-8FDC-42A3-9474-1A3956D46DE8}") = "CRUD", "CRUD", "{AD93FCC2-018E-46EF-BAC6-1868F2B99417}"
EndProject
Project("{9A19103F-16F7-4668-BE54-9A1E7A4F7556}") = "MongoDB.CRUD.Client", "CSharp\MongoDB\CRUD\Client\MongoDB.CRUD.Client.csproj", "{CC91DCF8-525A-4AB7-8994-B186929C0752}"
EndProject
Project("{9A19103F-16F7-4668-BE54-9A1E7A4F7556}") = "MongoDB.CRUD.Client.Tests", "CSharp\MongoDB\CRUD\Client.Tests\MongoDB.CRUD.Client.Tests.csproj", "{4DD35BAB-27D7-47AB-BEBE-B07C1854D8F1}"
EndProject
Project("{2150E333-8FDC-42A3-9474-1A3956D46DE8}") = "AWS", "AWS", "{0F8FA74D-1080-4DB1-94BF-C6FCE7644B2F}"
EndProject
Project("{2150E333-8FDC-42A3-9474-1A3956D46DE8}") = "Lambda", "Lambda", "{307B247A-BBED-4B5D-A2D0-B92756186D77}"
EndProject
Project("{2150E333-8FDC-42A3-9474-1A3956D46DE8}") = "Kafka", "Kafka", "{4663F1C6-4B97-4349-A759-ACCD5ACD16C1}"
EndProject
Project("{2150E333-8FDC-42A3-9474-1A3956D46DE8}") = "REST", "REST", "{5060F416-741E-4F88-8500-ED9CEE1EFF5D}"
EndProject
Project("{9A19103F-16F7-4668-BE54-9A1E7A4F7556}") = "AWS.Lambda.Kafka.REST.Post", "CSharp\AWS\Lambda\Kafka\REST\post\AWS.Lambda.Kafka.REST.Post.csproj", "{3DB3E201-E515-46A8-9321-C0DEA32D86E9}"
EndProject
Project("{2150E333-8FDC-42A3-9474-1A3956D46DE8}") = "MongoDB", "MongoDB", "{5DEBCC17-AA5E-465A-B469-9BA763DFBED5}"
EndProject
Project("{2150E333-8FDC-42A3-9474-1A3956D46DE8}") = "REST", "REST", "{0D805312-33FC-4D6C-8C08-DA4ADB6881BC}"
EndProject
Project("{9A19103F-16F7-4668-BE54-9A1E7A4F7556}") = "AWS.Lambda.MongoDB.REST.Delete", "CSharp\AWS\Lambda\MongoDB\REST\delete\AWS.Lambda.MongoDB.REST.Delete.csproj", "{BA58E117-B17E-4DC2-928E-DADF04E793E7}"
EndProject
Project("{9A19103F-16F7-4668-BE54-9A1E7A4F7556}") = "AWS.Lambda.MongoDB.REST.Get", "CSharp\AWS\Lambda\MongoDB\REST\get\AWS.Lambda.MongoDB.REST.Get.csproj", "{ED8B205D-6427-4A95-BD55-B87B00DC7BC5}"
EndProject
Project("{9A19103F-16F7-4668-BE54-9A1E7A4F7556}") = "AWS.Lambda.MongoDB.REST.Post", "CSharp\AWS\Lambda\MongoDB\REST\post\AWS.Lambda.MongoDB.REST.Post.csproj", "{E4290A2C-7FEC-489E-8D03-C3D894CCBF6F}"
EndProject
Project("{9A19103F-16F7-4668-BE54-9A1E7A4F7556}") = "AWS.Lambda.MongoDB.REST.Put", "CSharp\AWS\Lambda\MongoDB\REST\put-patch\AWS.Lambda.MongoDB.REST.Put.csproj", "{FC35C429-A368-4909-86CD-1203301D2D48}"
EndProject
Project("{2150E333-8FDC-42A3-9474-1A3956D46DE8}") = "Azure", "Azure", "{2720E281-B5AB-4E49-81DB-2F9830A7EFD3}"
EndProject
Project("{2150E333-8FDC-42A3-9474-1A3956D46DE8}") = "Function", "Function", "{A0156DA9-64D8-47A6-8DDA-66750984D1BF}"
EndProject
Project("{2150E333-8FDC-42A3-9474-1A3956D46DE8}") = "Kafka", "Kafka", "{85E0766B-CEBE-4225-9271-33470C6CD9CC}"
EndProject
Project("{2150E333-8FDC-42A3-9474-1A3956D46DE8}") = "REST", "REST", "{9898E839-7C76-41F1-9EDF-D5DF5D1607BA}"
EndProject
Project("{9A19103F-16F7-4668-BE54-9A1E7A4F7556}") = "Azure.Function.Kafka.Rest.Post", "CSharp\Azure\Function\Kafka\REST\post\Azure.Function.Kafka.Rest.Post.csproj", "{CABEA61C-BBA1-4187-B905-7C81CC8AC041}"
EndProject
Global
	GlobalSection(SolutionConfigurationPlatforms) = preSolution
		Debug|Any CPU = Debug|Any CPU
		Release|Any CPU = Release|Any CPU
	EndGlobalSection
	GlobalSection(ProjectConfigurationPlatforms) = postSolution
		{BD2B6497-0EB8-422C-B131-E94797ADBFC5}.Debug|Any CPU.ActiveCfg = Debug|Any CPU
		{BD2B6497-0EB8-422C-B131-E94797ADBFC5}.Debug|Any CPU.Build.0 = Debug|Any CPU
		{BD2B6497-0EB8-422C-B131-E94797ADBFC5}.Release|Any CPU.ActiveCfg = Release|Any CPU
		{BD2B6497-0EB8-422C-B131-E94797ADBFC5}.Release|Any CPU.Build.0 = Release|Any CPU
		{7DFB5236-5EB9-4775-AD04-B84F083315FE}.Debug|Any CPU.ActiveCfg = Debug|Any CPU
		{7DFB5236-5EB9-4775-AD04-B84F083315FE}.Debug|Any CPU.Build.0 = Debug|Any CPU
		{7DFB5236-5EB9-4775-AD04-B84F083315FE}.Release|Any CPU.ActiveCfg = Release|Any CPU
		{7DFB5236-5EB9-4775-AD04-B84F083315FE}.Release|Any CPU.Build.0 = Release|Any CPU
		{1CCF0CF3-7F9E-4139-8796-FA526428FC3C}.Debug|Any CPU.ActiveCfg = Debug|Any CPU
		{1CCF0CF3-7F9E-4139-8796-FA526428FC3C}.Debug|Any CPU.Build.0 = Debug|Any CPU
		{1CCF0CF3-7F9E-4139-8796-FA526428FC3C}.Release|Any CPU.ActiveCfg = Release|Any CPU
		{1CCF0CF3-7F9E-4139-8796-FA526428FC3C}.Release|Any CPU.Build.0 = Release|Any CPU
		{8D06D9B9-BB9C-4016-A02B-3683B67B8DD4}.Debug|Any CPU.ActiveCfg = Debug|Any CPU
		{8D06D9B9-BB9C-4016-A02B-3683B67B8DD4}.Debug|Any CPU.Build.0 = Debug|Any CPU
		{8D06D9B9-BB9C-4016-A02B-3683B67B8DD4}.Release|Any CPU.ActiveCfg = Release|Any CPU
		{8D06D9B9-BB9C-4016-A02B-3683B67B8DD4}.Release|Any CPU.Build.0 = Release|Any CPU
		{EF83F945-A329-4D8B-9C76-CCC04BD2A771}.Debug|Any CPU.ActiveCfg = Debug|Any CPU
		{EF83F945-A329-4D8B-9C76-CCC04BD2A771}.Debug|Any CPU.Build.0 = Debug|Any CPU
		{EF83F945-A329-4D8B-9C76-CCC04BD2A771}.Release|Any CPU.ActiveCfg = Release|Any CPU
		{EF83F945-A329-4D8B-9C76-CCC04BD2A771}.Release|Any CPU.Build.0 = Release|Any CPU
		{941E2259-9E4D-450C-ABE1-E3AA5428B09A}.Debug|Any CPU.ActiveCfg = Debug|Any CPU
		{941E2259-9E4D-450C-ABE1-E3AA5428B09A}.Debug|Any CPU.Build.0 = Debug|Any CPU
		{941E2259-9E4D-450C-ABE1-E3AA5428B09A}.Release|Any CPU.ActiveCfg = Release|Any CPU
		{941E2259-9E4D-450C-ABE1-E3AA5428B09A}.Release|Any CPU.Build.0 = Release|Any CPU
		{0238BDDA-677F-4499-AD24-8013FE9B78B1}.Debug|Any CPU.ActiveCfg = Debug|Any CPU
		{0238BDDA-677F-4499-AD24-8013FE9B78B1}.Debug|Any CPU.Build.0 = Debug|Any CPU
		{0238BDDA-677F-4499-AD24-8013FE9B78B1}.Release|Any CPU.ActiveCfg = Release|Any CPU
		{0238BDDA-677F-4499-AD24-8013FE9B78B1}.Release|Any CPU.Build.0 = Release|Any CPU
		{CC91DCF8-525A-4AB7-8994-B186929C0752}.Debug|Any CPU.ActiveCfg = Debug|Any CPU
		{CC91DCF8-525A-4AB7-8994-B186929C0752}.Debug|Any CPU.Build.0 = Debug|Any CPU
		{CC91DCF8-525A-4AB7-8994-B186929C0752}.Release|Any CPU.ActiveCfg = Release|Any CPU
		{CC91DCF8-525A-4AB7-8994-B186929C0752}.Release|Any CPU.Build.0 = Release|Any CPU
		{4DD35BAB-27D7-47AB-BEBE-B07C1854D8F1}.Debug|Any CPU.ActiveCfg = Debug|Any CPU
		{4DD35BAB-27D7-47AB-BEBE-B07C1854D8F1}.Debug|Any CPU.Build.0 = Debug|Any CPU
		{4DD35BAB-27D7-47AB-BEBE-B07C1854D8F1}.Release|Any CPU.ActiveCfg = Release|Any CPU
		{4DD35BAB-27D7-47AB-BEBE-B07C1854D8F1}.Release|Any CPU.Build.0 = Release|Any CPU
		{3DB3E201-E515-46A8-9321-C0DEA32D86E9}.Debug|Any CPU.ActiveCfg = Debug|Any CPU
		{3DB3E201-E515-46A8-9321-C0DEA32D86E9}.Debug|Any CPU.Build.0 = Debug|Any CPU
		{3DB3E201-E515-46A8-9321-C0DEA32D86E9}.Release|Any CPU.ActiveCfg = Release|Any CPU
		{3DB3E201-E515-46A8-9321-C0DEA32D86E9}.Release|Any CPU.Build.0 = Release|Any CPU
		{BA58E117-B17E-4DC2-928E-DADF04E793E7}.Debug|Any CPU.ActiveCfg = Debug|Any CPU
		{BA58E117-B17E-4DC2-928E-DADF04E793E7}.Debug|Any CPU.Build.0 = Debug|Any CPU
		{BA58E117-B17E-4DC2-928E-DADF04E793E7}.Release|Any CPU.ActiveCfg = Release|Any CPU
		{BA58E117-B17E-4DC2-928E-DADF04E793E7}.Release|Any CPU.Build.0 = Release|Any CPU
		{ED8B205D-6427-4A95-BD55-B87B00DC7BC5}.Debug|Any CPU.ActiveCfg = Debug|Any CPU
		{ED8B205D-6427-4A95-BD55-B87B00DC7BC5}.Debug|Any CPU.Build.0 = Debug|Any CPU
		{ED8B205D-6427-4A95-BD55-B87B00DC7BC5}.Release|Any CPU.ActiveCfg = Release|Any CPU
		{ED8B205D-6427-4A95-BD55-B87B00DC7BC5}.Release|Any CPU.Build.0 = Release|Any CPU
		{E4290A2C-7FEC-489E-8D03-C3D894CCBF6F}.Debug|Any CPU.ActiveCfg = Debug|Any CPU
		{E4290A2C-7FEC-489E-8D03-C3D894CCBF6F}.Debug|Any CPU.Build.0 = Debug|Any CPU
		{E4290A2C-7FEC-489E-8D03-C3D894CCBF6F}.Release|Any CPU.ActiveCfg = Release|Any CPU
		{E4290A2C-7FEC-489E-8D03-C3D894CCBF6F}.Release|Any CPU.Build.0 = Release|Any CPU
		{FC35C429-A368-4909-86CD-1203301D2D48}.Debug|Any CPU.ActiveCfg = Debug|Any CPU
		{FC35C429-A368-4909-86CD-1203301D2D48}.Debug|Any CPU.Build.0 = Debug|Any CPU
		{FC35C429-A368-4909-86CD-1203301D2D48}.Release|Any CPU.ActiveCfg = Release|Any CPU
		{FC35C429-A368-4909-86CD-1203301D2D48}.Release|Any CPU.Build.0 = Release|Any CPU
		{CABEA61C-BBA1-4187-B905-7C81CC8AC041}.Debug|Any CPU.ActiveCfg = Debug|Any CPU
		{CABEA61C-BBA1-4187-B905-7C81CC8AC041}.Debug|Any CPU.Build.0 = Debug|Any CPU
		{CABEA61C-BBA1-4187-B905-7C81CC8AC041}.Release|Any CPU.ActiveCfg = Release|Any CPU
		{CABEA61C-BBA1-4187-B905-7C81CC8AC041}.Release|Any CPU.Build.0 = Release|Any CPU
	EndGlobalSection
	GlobalSection(SolutionProperties) = preSolution
		HideSolutionNode = FALSE
	EndGlobalSection
	GlobalSection(NestedProjects) = preSolution
		{BA3B6A30-AB71-4481-AF78-1B4F6BF011F1} = {3E2BA20F-F6AC-450F-86DD-B4CFD69EB310}
		{BD2B6497-0EB8-422C-B131-E94797ADBFC5} = {BA3B6A30-AB71-4481-AF78-1B4F6BF011F1}
		{7DFB5236-5EB9-4775-AD04-B84F083315FE} = {BA3B6A30-AB71-4481-AF78-1B4F6BF011F1}
		{1CCF0CF3-7F9E-4139-8796-FA526428FC3C} = {BA3B6A30-AB71-4481-AF78-1B4F6BF011F1}
		{05DB0FBA-233B-4FD5-9297-8D29E101FEB5} = {3E2BA20F-F6AC-450F-86DD-B4CFD69EB310}
		{8D06D9B9-BB9C-4016-A02B-3683B67B8DD4} = {05DB0FBA-233B-4FD5-9297-8D29E101FEB5}
		{EF83F945-A329-4D8B-9C76-CCC04BD2A771} = {05DB0FBA-233B-4FD5-9297-8D29E101FEB5}
		{941E2259-9E4D-450C-ABE1-E3AA5428B09A} = {05DB0FBA-233B-4FD5-9297-8D29E101FEB5}
		{0238BDDA-677F-4499-AD24-8013FE9B78B1} = {05DB0FBA-233B-4FD5-9297-8D29E101FEB5}
		{40F59344-F7FB-477A-81C7-8145F9902F65} = {3E2BA20F-F6AC-450F-86DD-B4CFD69EB310}
		{AD93FCC2-018E-46EF-BAC6-1868F2B99417} = {40F59344-F7FB-477A-81C7-8145F9902F65}
		{CC91DCF8-525A-4AB7-8994-B186929C0752} = {AD93FCC2-018E-46EF-BAC6-1868F2B99417}
		{4DD35BAB-27D7-47AB-BEBE-B07C1854D8F1} = {AD93FCC2-018E-46EF-BAC6-1868F2B99417}
		{0F8FA74D-1080-4DB1-94BF-C6FCE7644B2F} = {3E2BA20F-F6AC-450F-86DD-B4CFD69EB310}
		{307B247A-BBED-4B5D-A2D0-B92756186D77} = {0F8FA74D-1080-4DB1-94BF-C6FCE7644B2F}
		{4663F1C6-4B97-4349-A759-ACCD5ACD16C1} = {307B247A-BBED-4B5D-A2D0-B92756186D77}
		{5060F416-741E-4F88-8500-ED9CEE1EFF5D} = {4663F1C6-4B97-4349-A759-ACCD5ACD16C1}
		{3DB3E201-E515-46A8-9321-C0DEA32D86E9} = {5060F416-741E-4F88-8500-ED9CEE1EFF5D}
		{5DEBCC17-AA5E-465A-B469-9BA763DFBED5} = {307B247A-BBED-4B5D-A2D0-B92756186D77}
		{0D805312-33FC-4D6C-8C08-DA4ADB6881BC} = {5DEBCC17-AA5E-465A-B469-9BA763DFBED5}
		{BA58E117-B17E-4DC2-928E-DADF04E793E7} = {0D805312-33FC-4D6C-8C08-DA4ADB6881BC}
		{ED8B205D-6427-4A95-BD55-B87B00DC7BC5} = {0D805312-33FC-4D6C-8C08-DA4ADB6881BC}
		{E4290A2C-7FEC-489E-8D03-C3D894CCBF6F} = {0D805312-33FC-4D6C-8C08-DA4ADB6881BC}
		{FC35C429-A368-4909-86CD-1203301D2D48} = {0D805312-33FC-4D6C-8C08-DA4ADB6881BC}
		{2720E281-B5AB-4E49-81DB-2F9830A7EFD3} = {3E2BA20F-F6AC-450F-86DD-B4CFD69EB310}
		{A0156DA9-64D8-47A6-8DDA-66750984D1BF} = {2720E281-B5AB-4E49-81DB-2F9830A7EFD3}
		{85E0766B-CEBE-4225-9271-33470C6CD9CC} = {A0156DA9-64D8-47A6-8DDA-66750984D1BF}
		{9898E839-7C76-41F1-9EDF-D5DF5D1607BA} = {85E0766B-CEBE-4225-9271-33470C6CD9CC}
		{CABEA61C-BBA1-4187-B905-7C81CC8AC041} = {9898E839-7C76-41F1-9EDF-D5DF5D1607BA}
	EndGlobalSection
	GlobalSection(ExtensibilityGlobals) = postSolution
		SolutionGuid = {AED33043-D71A-4D86-A526-49F3E8A0E0F7}
	EndGlobalSection
EndGlobal
