
Microsoft Visual Studio Solution File, Format Version 12.00
# Visual Studio Version 17
VisualStudioVersion = 17.5.002.0
MinimumVisualStudioVersion = 10.0.40219.1
Project("{2150E333-8FDC-42A3-9474-1A3956D46DE8}") = "CSharp", "CSharp", "{99DF14A1-D7E9-4349-8858-37DA95FC51FA}"
EndProject
Project("{2150E333-8FDC-42A3-9474-1A3956D46DE8}") = "Interop", "Interop", "{F7E2BB6E-FB82-4534-84D1-DF1033B078EF}"
EndProject
Project("{9A19103F-16F7-4668-BE54-9A1E7A4F7556}") = "Interop.CloudEvents", "CSharp\Interop\CloudEvents\Interop.CloudEvents.csproj", "{72B139D2-6CA7-4B88-BE39-4241DE4AA426}"
EndProject
Project("{9A19103F-16F7-4668-BE54-9A1E7A4F7556}") = "Interop.Core", "CSharp\Interop\Core\Interop.Core.csproj", "{96FB6D76-90C0-4145-8073-7FB3C4698695}"
EndProject
Project("{9A19103F-16F7-4668-BE54-9A1E7A4F7556}") = "Interop.Core.Tests", "CSharp\Interop\Core.Tests\Interop.Core.Tests.csproj", "{F1524A2A-E0FC-4A49-9D32-7745B4CAC57E}"
EndProject
Project("{2150E333-8FDC-42A3-9474-1A3956D46DE8}") = "Kafka", "Kafka", "{E5D12FEA-F2CE-4F9E-882E-B087E56476BB}"
EndProject
Project("{9A19103F-16F7-4668-BE54-9A1E7A4F7556}") = "Kafka.Client", "CSharp\Kafka\Client\Kafka.Client.csproj", "{D373FEAD-0509-4BD3-9F20-CF958C0C733C}"
EndProject
Project("{9A19103F-16F7-4668-BE54-9A1E7A4F7556}") = "Kafka.Client.Tests", "CSharp\Kafka\Client.Tests\Kafka.Client.Tests.csproj", "{1C1440A3-7D5A-4787-BB3A-1B2285A817DA}"
EndProject
Project("{9A19103F-16F7-4668-BE54-9A1E7A4F7556}") = "Kafka.CloudEvents", "CSharp\Kafka\CloudEvents\Kafka.CloudEvents.csproj", "{7A635DF4-B568-4C63-93B3-89161BBDE19D}"
EndProject
Project("{9A19103F-16F7-4668-BE54-9A1E7A4F7556}") = "Kafka.CloudEvents.Tests", "CSharp\Kafka\CloudEvents.Tests\Kafka.CloudEvents.Tests.csproj", "{B6D60391-DF3F-48B6-BB0A-5B548B0F6F3A}"
EndProject
Project("{2150E333-8FDC-42A3-9474-1A3956D46DE8}") = "Containers", "Containers", "{9B227357-C2D8-4F4F-BFE9-99851DF32A8D}"
EndProject
Project("{2150E333-8FDC-42A3-9474-1A3956D46DE8}") = "MongoDB-REST", "MongoDB-REST", "{EF5E1AB3-309A-46B0-A3C3-E222A2994F28}"
EndProject
Project("{9A19103F-16F7-4668-BE54-9A1E7A4F7556}") = "MongoDB.REST", "CSharp\Containers\MongoDB-REST\MongoDB.REST\MongoDB.REST.csproj", "{E9EB8980-3832-4958-BE13-90A4D570E97C}"
EndProject
Project("{9A19103F-16F7-4668-BE54-9A1E7A4F7556}") = "MongoDB.REST.Tests", "CSharp\Containers\MongoDB-REST\MongoDB.REST.Tests\MongoDB.REST.Tests.csproj", "{8C2C1698-5B57-41D5-B832-ED5E7CDCB2B0}"
EndProject
Project("{2150E333-8FDC-42A3-9474-1A3956D46DE8}") = "MongoDB", "MongoDB", "{4DD45133-597B-483E-B18D-3903588EADC7}"
EndProject
Project("{2150E333-8FDC-42A3-9474-1A3956D46DE8}") = "CRUD", "CRUD", "{634AD91C-3235-402A-9188-ECBE8521B45E}"
EndProject
Project("{9A19103F-16F7-4668-BE54-9A1E7A4F7556}") = "MongoDB.CRUD.Client", "CSharp\MongoDB\CRUD\Client\MongoDB.CRUD.Client.csproj", "{A4B003C8-F2A3-4A81-A57A-45947C6672BF}"
EndProject
Project("{9A19103F-16F7-4668-BE54-9A1E7A4F7556}") = "MongoDB.CRUD.Client.Tests", "CSharp\MongoDB\CRUD\Client.Tests\MongoDB.CRUD.Client.Tests.csproj", "{47DF8F24-6154-4028-BD3B-52EB10BBBD9C}"
EndProject
Project("{2150E333-8FDC-42A3-9474-1A3956D46DE8}") = "REST", "REST", "{B905883B-2DE2-4284-959E-46C9FF1D9DD8}"
EndProject
Project("{9A19103F-16F7-4668-BE54-9A1E7A4F7556}") = "MongoDB.REST.Client", "CSharp\MongoDB\REST\Client\MongoDB.REST.Client.csproj", "{CC0983AD-39F4-45D5-B31E-971CB1C5EF46}"
EndProject
Project("{9A19103F-16F7-4668-BE54-9A1E7A4F7556}") = "MongoDB.REST.Client.Tests", "CSharp\MongoDB\REST\Client.Tests\MongoDB.REST.Client.Tests.csproj", "{50B41617-8F1E-4412-9172-2460C8DEFEE2}"
EndProject
Project("{2150E333-8FDC-42A3-9474-1A3956D46DE8}") = "AWS", "AWS", "{108BD0FC-3D0F-4D16-9322-DFC3452A8EEA}"
EndProject
Project("{2150E333-8FDC-42A3-9474-1A3956D46DE8}") = "Lambda", "Lambda", "{F5D416EF-C682-412C-8666-DB401F719E03}"
EndProject
Project("{2150E333-8FDC-42A3-9474-1A3956D46DE8}") = "Kafka", "Kafka", "{7A4F8EA2-7B65-4730-A24B-8BA3AEA964E5}"
EndProject
Project("{2150E333-8FDC-42A3-9474-1A3956D46DE8}") = "REST", "REST", "{2536ACE7-6113-4F6A-864C-55490EDD721C}"
EndProject
Project("{9A19103F-16F7-4668-BE54-9A1E7A4F7556}") = "AWS.Lambda.Kafka.REST.Post", "CSharp\AWS\Lambda\Kafka\REST\post\AWS.Lambda.Kafka.REST.Post.csproj", "{64283872-637A-49A9-A391-77E0646A7BD5}"
EndProject
Project("{2150E333-8FDC-42A3-9474-1A3956D46DE8}") = "MongoDB", "MongoDB", "{31B1E7F9-C8E4-4955-B084-8E4E099565B0}"
EndProject
Project("{2150E333-8FDC-42A3-9474-1A3956D46DE8}") = "REST", "REST", "{11B84171-9079-4637-A358-C22257E88F54}"
EndProject
Project("{9A19103F-16F7-4668-BE54-9A1E7A4F7556}") = "AWS.Lambda.MongoDB.REST.Delete", "CSharp\AWS\Lambda\MongoDB\REST\delete\AWS.Lambda.MongoDB.REST.Delete.csproj", "{0FEA7186-721F-4171-8781-41AD994C7649}"
EndProject
Project("{9A19103F-16F7-4668-BE54-9A1E7A4F7556}") = "AWS.Lambda.MongoDB.REST.Get", "CSharp\AWS\Lambda\MongoDB\REST\get\AWS.Lambda.MongoDB.REST.Get.csproj", "{CB00E3D7-B745-4EBA-8898-14E4070AF302}"
EndProject
Project("{9A19103F-16F7-4668-BE54-9A1E7A4F7556}") = "AWS.Lambda.MongoDB.REST.Post", "CSharp\AWS\Lambda\MongoDB\REST\post\AWS.Lambda.MongoDB.REST.Post.csproj", "{CA1C0697-E4E4-4A0D-9FED-BB7E4BE69DCC}"
EndProject
Project("{9A19103F-16F7-4668-BE54-9A1E7A4F7556}") = "AWS.Lambda.MongoDB.REST.Put", "CSharp\AWS\Lambda\MongoDB\REST\put-patch\AWS.Lambda.MongoDB.REST.Put.csproj", "{1CD0C64E-2869-4F03-9432-BBEBEC300DC1}"
EndProject
Project("{2150E333-8FDC-42A3-9474-1A3956D46DE8}") = "Azure", "Azure", "{63DD4CDE-FAC1-46AA-81CF-2656DAA144BA}"
EndProject
Project("{2150E333-8FDC-42A3-9474-1A3956D46DE8}") = "Function", "Function", "{D64AA040-F7D3-4482-9D0E-BE6589193101}"
EndProject
Project("{2150E333-8FDC-42A3-9474-1A3956D46DE8}") = "Kafka", "Kafka", "{51FF5657-3EBC-4810-98DC-8A372FA4650F}"
EndProject
Project("{2150E333-8FDC-42A3-9474-1A3956D46DE8}") = "REST", "REST", "{F7A5A46E-641F-452D-9171-9218F7532509}"
EndProject
Project("{9A19103F-16F7-4668-BE54-9A1E7A4F7556}") = "Azure.Function.Kafka.Rest.Post", "CSharp\Azure\Function\Kafka\REST\post\Azure.Function.Kafka.Rest.Post.csproj", "{21035076-F850-403A-A9DE-A107E0F2B575}"
EndProject
Project("{2150E333-8FDC-42A3-9474-1A3956D46DE8}") = "post", "post", "{B54A5ABB-36BB-4F25-ACBE-6DA1C248E937}"
EndProject
Project("{2150E333-8FDC-42A3-9474-1A3956D46DE8}") = "obj", "obj", "{88B0F5DF-AD8C-4896-9307-5CA362464C2E}"
EndProject
Project("{2150E333-8FDC-42A3-9474-1A3956D46DE8}") = "Debug", "Debug", "{F419DE8F-D352-4A72-837D-FFFE9C8C134C}"
EndProject
Project("{2150E333-8FDC-42A3-9474-1A3956D46DE8}") = "net8.0", "net8.0", "{7F297318-A106-48C6-9491-4000396AB6FE}"
EndProject
Project("{9A19103F-16F7-4668-BE54-9A1E7A4F7556}") = "WorkerExtensions", "CSharp\Azure\Function\Kafka\REST\post\obj\Debug\net8.0\WorkerExtensions\WorkerExtensions.csproj", "{A8747275-857C-44B3-98ED-351CC82D5A26}"
EndProject
Global
	GlobalSection(SolutionConfigurationPlatforms) = preSolution
		Debug|Any CPU = Debug|Any CPU
		Release|Any CPU = Release|Any CPU
	EndGlobalSection
	GlobalSection(ProjectConfigurationPlatforms) = postSolution
		{72B139D2-6CA7-4B88-BE39-4241DE4AA426}.Debug|Any CPU.ActiveCfg = Debug|Any CPU
		{72B139D2-6CA7-4B88-BE39-4241DE4AA426}.Debug|Any CPU.Build.0 = Debug|Any CPU
		{72B139D2-6CA7-4B88-BE39-4241DE4AA426}.Release|Any CPU.ActiveCfg = Release|Any CPU
		{72B139D2-6CA7-4B88-BE39-4241DE4AA426}.Release|Any CPU.Build.0 = Release|Any CPU
		{96FB6D76-90C0-4145-8073-7FB3C4698695}.Debug|Any CPU.ActiveCfg = Debug|Any CPU
		{96FB6D76-90C0-4145-8073-7FB3C4698695}.Debug|Any CPU.Build.0 = Debug|Any CPU
		{96FB6D76-90C0-4145-8073-7FB3C4698695}.Release|Any CPU.ActiveCfg = Release|Any CPU
		{96FB6D76-90C0-4145-8073-7FB3C4698695}.Release|Any CPU.Build.0 = Release|Any CPU
		{F1524A2A-E0FC-4A49-9D32-7745B4CAC57E}.Debug|Any CPU.ActiveCfg = Debug|Any CPU
		{F1524A2A-E0FC-4A49-9D32-7745B4CAC57E}.Debug|Any CPU.Build.0 = Debug|Any CPU
		{F1524A2A-E0FC-4A49-9D32-7745B4CAC57E}.Release|Any CPU.ActiveCfg = Release|Any CPU
		{F1524A2A-E0FC-4A49-9D32-7745B4CAC57E}.Release|Any CPU.Build.0 = Release|Any CPU
		{D373FEAD-0509-4BD3-9F20-CF958C0C733C}.Debug|Any CPU.ActiveCfg = Debug|Any CPU
		{D373FEAD-0509-4BD3-9F20-CF958C0C733C}.Debug|Any CPU.Build.0 = Debug|Any CPU
		{D373FEAD-0509-4BD3-9F20-CF958C0C733C}.Release|Any CPU.ActiveCfg = Release|Any CPU
		{D373FEAD-0509-4BD3-9F20-CF958C0C733C}.Release|Any CPU.Build.0 = Release|Any CPU
		{1C1440A3-7D5A-4787-BB3A-1B2285A817DA}.Debug|Any CPU.ActiveCfg = Debug|Any CPU
		{1C1440A3-7D5A-4787-BB3A-1B2285A817DA}.Debug|Any CPU.Build.0 = Debug|Any CPU
		{1C1440A3-7D5A-4787-BB3A-1B2285A817DA}.Release|Any CPU.ActiveCfg = Release|Any CPU
		{1C1440A3-7D5A-4787-BB3A-1B2285A817DA}.Release|Any CPU.Build.0 = Release|Any CPU
		{7A635DF4-B568-4C63-93B3-89161BBDE19D}.Debug|Any CPU.ActiveCfg = Debug|Any CPU
		{7A635DF4-B568-4C63-93B3-89161BBDE19D}.Debug|Any CPU.Build.0 = Debug|Any CPU
		{7A635DF4-B568-4C63-93B3-89161BBDE19D}.Release|Any CPU.ActiveCfg = Release|Any CPU
		{7A635DF4-B568-4C63-93B3-89161BBDE19D}.Release|Any CPU.Build.0 = Release|Any CPU
		{B6D60391-DF3F-48B6-BB0A-5B548B0F6F3A}.Debug|Any CPU.ActiveCfg = Debug|Any CPU
		{B6D60391-DF3F-48B6-BB0A-5B548B0F6F3A}.Debug|Any CPU.Build.0 = Debug|Any CPU
		{B6D60391-DF3F-48B6-BB0A-5B548B0F6F3A}.Release|Any CPU.ActiveCfg = Release|Any CPU
		{B6D60391-DF3F-48B6-BB0A-5B548B0F6F3A}.Release|Any CPU.Build.0 = Release|Any CPU
		{E9EB8980-3832-4958-BE13-90A4D570E97C}.Debug|Any CPU.ActiveCfg = Debug|Any CPU
		{E9EB8980-3832-4958-BE13-90A4D570E97C}.Debug|Any CPU.Build.0 = Debug|Any CPU
		{E9EB8980-3832-4958-BE13-90A4D570E97C}.Release|Any CPU.ActiveCfg = Release|Any CPU
		{E9EB8980-3832-4958-BE13-90A4D570E97C}.Release|Any CPU.Build.0 = Release|Any CPU
		{8C2C1698-5B57-41D5-B832-ED5E7CDCB2B0}.Debug|Any CPU.ActiveCfg = Debug|Any CPU
		{8C2C1698-5B57-41D5-B832-ED5E7CDCB2B0}.Debug|Any CPU.Build.0 = Debug|Any CPU
		{8C2C1698-5B57-41D5-B832-ED5E7CDCB2B0}.Release|Any CPU.ActiveCfg = Release|Any CPU
		{8C2C1698-5B57-41D5-B832-ED5E7CDCB2B0}.Release|Any CPU.Build.0 = Release|Any CPU
		{A4B003C8-F2A3-4A81-A57A-45947C6672BF}.Debug|Any CPU.ActiveCfg = Debug|Any CPU
		{A4B003C8-F2A3-4A81-A57A-45947C6672BF}.Debug|Any CPU.Build.0 = Debug|Any CPU
		{A4B003C8-F2A3-4A81-A57A-45947C6672BF}.Release|Any CPU.ActiveCfg = Release|Any CPU
		{A4B003C8-F2A3-4A81-A57A-45947C6672BF}.Release|Any CPU.Build.0 = Release|Any CPU
		{47DF8F24-6154-4028-BD3B-52EB10BBBD9C}.Debug|Any CPU.ActiveCfg = Debug|Any CPU
		{47DF8F24-6154-4028-BD3B-52EB10BBBD9C}.Debug|Any CPU.Build.0 = Debug|Any CPU
		{47DF8F24-6154-4028-BD3B-52EB10BBBD9C}.Release|Any CPU.ActiveCfg = Release|Any CPU
		{47DF8F24-6154-4028-BD3B-52EB10BBBD9C}.Release|Any CPU.Build.0 = Release|Any CPU
		{CC0983AD-39F4-45D5-B31E-971CB1C5EF46}.Debug|Any CPU.ActiveCfg = Debug|Any CPU
		{CC0983AD-39F4-45D5-B31E-971CB1C5EF46}.Debug|Any CPU.Build.0 = Debug|Any CPU
		{CC0983AD-39F4-45D5-B31E-971CB1C5EF46}.Release|Any CPU.ActiveCfg = Release|Any CPU
		{CC0983AD-39F4-45D5-B31E-971CB1C5EF46}.Release|Any CPU.Build.0 = Release|Any CPU
		{50B41617-8F1E-4412-9172-2460C8DEFEE2}.Debug|Any CPU.ActiveCfg = Debug|Any CPU
		{50B41617-8F1E-4412-9172-2460C8DEFEE2}.Debug|Any CPU.Build.0 = Debug|Any CPU
		{50B41617-8F1E-4412-9172-2460C8DEFEE2}.Release|Any CPU.ActiveCfg = Release|Any CPU
		{50B41617-8F1E-4412-9172-2460C8DEFEE2}.Release|Any CPU.Build.0 = Release|Any CPU
		{64283872-637A-49A9-A391-77E0646A7BD5}.Debug|Any CPU.ActiveCfg = Debug|Any CPU
		{64283872-637A-49A9-A391-77E0646A7BD5}.Debug|Any CPU.Build.0 = Debug|Any CPU
		{64283872-637A-49A9-A391-77E0646A7BD5}.Release|Any CPU.ActiveCfg = Release|Any CPU
		{64283872-637A-49A9-A391-77E0646A7BD5}.Release|Any CPU.Build.0 = Release|Any CPU
		{0FEA7186-721F-4171-8781-41AD994C7649}.Debug|Any CPU.ActiveCfg = Debug|Any CPU
		{0FEA7186-721F-4171-8781-41AD994C7649}.Debug|Any CPU.Build.0 = Debug|Any CPU
		{0FEA7186-721F-4171-8781-41AD994C7649}.Release|Any CPU.ActiveCfg = Release|Any CPU
		{0FEA7186-721F-4171-8781-41AD994C7649}.Release|Any CPU.Build.0 = Release|Any CPU
		{CB00E3D7-B745-4EBA-8898-14E4070AF302}.Debug|Any CPU.ActiveCfg = Debug|Any CPU
		{CB00E3D7-B745-4EBA-8898-14E4070AF302}.Debug|Any CPU.Build.0 = Debug|Any CPU
		{CB00E3D7-B745-4EBA-8898-14E4070AF302}.Release|Any CPU.ActiveCfg = Release|Any CPU
		{CB00E3D7-B745-4EBA-8898-14E4070AF302}.Release|Any CPU.Build.0 = Release|Any CPU
		{CA1C0697-E4E4-4A0D-9FED-BB7E4BE69DCC}.Debug|Any CPU.ActiveCfg = Debug|Any CPU
		{CA1C0697-E4E4-4A0D-9FED-BB7E4BE69DCC}.Debug|Any CPU.Build.0 = Debug|Any CPU
		{CA1C0697-E4E4-4A0D-9FED-BB7E4BE69DCC}.Release|Any CPU.ActiveCfg = Release|Any CPU
		{CA1C0697-E4E4-4A0D-9FED-BB7E4BE69DCC}.Release|Any CPU.Build.0 = Release|Any CPU
		{1CD0C64E-2869-4F03-9432-BBEBEC300DC1}.Debug|Any CPU.ActiveCfg = Debug|Any CPU
		{1CD0C64E-2869-4F03-9432-BBEBEC300DC1}.Debug|Any CPU.Build.0 = Debug|Any CPU
		{1CD0C64E-2869-4F03-9432-BBEBEC300DC1}.Release|Any CPU.ActiveCfg = Release|Any CPU
		{1CD0C64E-2869-4F03-9432-BBEBEC300DC1}.Release|Any CPU.Build.0 = Release|Any CPU
		{21035076-F850-403A-A9DE-A107E0F2B575}.Debug|Any CPU.ActiveCfg = Debug|Any CPU
		{21035076-F850-403A-A9DE-A107E0F2B575}.Debug|Any CPU.Build.0 = Debug|Any CPU
		{21035076-F850-403A-A9DE-A107E0F2B575}.Release|Any CPU.ActiveCfg = Release|Any CPU
		{21035076-F850-403A-A9DE-A107E0F2B575}.Release|Any CPU.Build.0 = Release|Any CPU
		{A8747275-857C-44B3-98ED-351CC82D5A26}.Debug|Any CPU.ActiveCfg = Debug|Any CPU
		{A8747275-857C-44B3-98ED-351CC82D5A26}.Debug|Any CPU.Build.0 = Debug|Any CPU
		{A8747275-857C-44B3-98ED-351CC82D5A26}.Release|Any CPU.ActiveCfg = Release|Any CPU
		{A8747275-857C-44B3-98ED-351CC82D5A26}.Release|Any CPU.Build.0 = Release|Any CPU
	EndGlobalSection
	GlobalSection(SolutionProperties) = preSolution
		HideSolutionNode = FALSE
	EndGlobalSection
	GlobalSection(NestedProjects) = preSolution
		{F7E2BB6E-FB82-4534-84D1-DF1033B078EF} = {99DF14A1-D7E9-4349-8858-37DA95FC51FA}
		{72B139D2-6CA7-4B88-BE39-4241DE4AA426} = {F7E2BB6E-FB82-4534-84D1-DF1033B078EF}
		{96FB6D76-90C0-4145-8073-7FB3C4698695} = {F7E2BB6E-FB82-4534-84D1-DF1033B078EF}
		{F1524A2A-E0FC-4A49-9D32-7745B4CAC57E} = {F7E2BB6E-FB82-4534-84D1-DF1033B078EF}
		{E5D12FEA-F2CE-4F9E-882E-B087E56476BB} = {99DF14A1-D7E9-4349-8858-37DA95FC51FA}
		{D373FEAD-0509-4BD3-9F20-CF958C0C733C} = {E5D12FEA-F2CE-4F9E-882E-B087E56476BB}
		{1C1440A3-7D5A-4787-BB3A-1B2285A817DA} = {E5D12FEA-F2CE-4F9E-882E-B087E56476BB}
		{7A635DF4-B568-4C63-93B3-89161BBDE19D} = {E5D12FEA-F2CE-4F9E-882E-B087E56476BB}
		{B6D60391-DF3F-48B6-BB0A-5B548B0F6F3A} = {E5D12FEA-F2CE-4F9E-882E-B087E56476BB}
		{9B227357-C2D8-4F4F-BFE9-99851DF32A8D} = {99DF14A1-D7E9-4349-8858-37DA95FC51FA}
		{EF5E1AB3-309A-46B0-A3C3-E222A2994F28} = {9B227357-C2D8-4F4F-BFE9-99851DF32A8D}
		{E9EB8980-3832-4958-BE13-90A4D570E97C} = {EF5E1AB3-309A-46B0-A3C3-E222A2994F28}
		{8C2C1698-5B57-41D5-B832-ED5E7CDCB2B0} = {EF5E1AB3-309A-46B0-A3C3-E222A2994F28}
		{4DD45133-597B-483E-B18D-3903588EADC7} = {99DF14A1-D7E9-4349-8858-37DA95FC51FA}
		{634AD91C-3235-402A-9188-ECBE8521B45E} = {4DD45133-597B-483E-B18D-3903588EADC7}
		{A4B003C8-F2A3-4A81-A57A-45947C6672BF} = {634AD91C-3235-402A-9188-ECBE8521B45E}
		{47DF8F24-6154-4028-BD3B-52EB10BBBD9C} = {634AD91C-3235-402A-9188-ECBE8521B45E}
		{B905883B-2DE2-4284-959E-46C9FF1D9DD8} = {4DD45133-597B-483E-B18D-3903588EADC7}
		{CC0983AD-39F4-45D5-B31E-971CB1C5EF46} = {B905883B-2DE2-4284-959E-46C9FF1D9DD8}
		{50B41617-8F1E-4412-9172-2460C8DEFEE2} = {B905883B-2DE2-4284-959E-46C9FF1D9DD8}
		{108BD0FC-3D0F-4D16-9322-DFC3452A8EEA} = {99DF14A1-D7E9-4349-8858-37DA95FC51FA}
		{F5D416EF-C682-412C-8666-DB401F719E03} = {108BD0FC-3D0F-4D16-9322-DFC3452A8EEA}
		{7A4F8EA2-7B65-4730-A24B-8BA3AEA964E5} = {F5D416EF-C682-412C-8666-DB401F719E03}
		{2536ACE7-6113-4F6A-864C-55490EDD721C} = {7A4F8EA2-7B65-4730-A24B-8BA3AEA964E5}
		{64283872-637A-49A9-A391-77E0646A7BD5} = {2536ACE7-6113-4F6A-864C-55490EDD721C}
		{31B1E7F9-C8E4-4955-B084-8E4E099565B0} = {F5D416EF-C682-412C-8666-DB401F719E03}
		{11B84171-9079-4637-A358-C22257E88F54} = {31B1E7F9-C8E4-4955-B084-8E4E099565B0}
		{0FEA7186-721F-4171-8781-41AD994C7649} = {11B84171-9079-4637-A358-C22257E88F54}
		{CB00E3D7-B745-4EBA-8898-14E4070AF302} = {11B84171-9079-4637-A358-C22257E88F54}
		{CA1C0697-E4E4-4A0D-9FED-BB7E4BE69DCC} = {11B84171-9079-4637-A358-C22257E88F54}
		{1CD0C64E-2869-4F03-9432-BBEBEC300DC1} = {11B84171-9079-4637-A358-C22257E88F54}
		{63DD4CDE-FAC1-46AA-81CF-2656DAA144BA} = {99DF14A1-D7E9-4349-8858-37DA95FC51FA}
		{D64AA040-F7D3-4482-9D0E-BE6589193101} = {63DD4CDE-FAC1-46AA-81CF-2656DAA144BA}
		{51FF5657-3EBC-4810-98DC-8A372FA4650F} = {D64AA040-F7D3-4482-9D0E-BE6589193101}
		{F7A5A46E-641F-452D-9171-9218F7532509} = {51FF5657-3EBC-4810-98DC-8A372FA4650F}
		{21035076-F850-403A-A9DE-A107E0F2B575} = {F7A5A46E-641F-452D-9171-9218F7532509}
		{B54A5ABB-36BB-4F25-ACBE-6DA1C248E937} = {F7A5A46E-641F-452D-9171-9218F7532509}
		{88B0F5DF-AD8C-4896-9307-5CA362464C2E} = {B54A5ABB-36BB-4F25-ACBE-6DA1C248E937}
		{F419DE8F-D352-4A72-837D-FFFE9C8C134C} = {88B0F5DF-AD8C-4896-9307-5CA362464C2E}
		{7F297318-A106-48C6-9491-4000396AB6FE} = {F419DE8F-D352-4A72-837D-FFFE9C8C134C}
		{A8747275-857C-44B3-98ED-351CC82D5A26} = {7F297318-A106-48C6-9491-4000396AB6FE}
	EndGlobalSection
	GlobalSection(ExtensibilityGlobals) = postSolution
		SolutionGuid = {A144B0B0-9A5E-49D4-A6EC-3578227C9F86}
	EndGlobalSection
EndGlobal
