
Microsoft Visual Studio Solution File, Format Version 12.00
# Visual Studio Version 17
VisualStudioVersion = 17.5.002.0
MinimumVisualStudioVersion = 10.0.40219.1
Project("{2150E333-8FDC-42A3-9474-1A3956D46DE8}") = "CSharp", "CSharp", "{98F7084D-562B-4401-AD83-37D0519A26A4}"
EndProject
Project("{2150E333-8FDC-42A3-9474-1A3956D46DE8}") = "Interop", "Interop", "{C6973F05-9E73-4641-940A-5CB170C349FA}"
EndProject
Project("{9A19103F-16F7-4668-BE54-9A1E7A4F7556}") = "Interop.CloudEvents", "CSharp\Interop\CloudEvents\Interop.CloudEvents.csproj", "{68179A8F-D8CE-4BE6-9B49-609C59469B59}"
EndProject
Project("{9A19103F-16F7-4668-BE54-9A1E7A4F7556}") = "Interop.Core", "CSharp\Interop\Core\Interop.Core.csproj", "{44F865B5-2CEE-4DE5-81C4-3412166FBD1F}"
EndProject
Project("{9A19103F-16F7-4668-BE54-9A1E7A4F7556}") = "Interop.Core.Tests", "CSharp\Interop\Core.Tests\Interop.Core.Tests.csproj", "{AA2F16D7-E2FE-4E53-956D-E91C1BECBC57}"
EndProject
Project("{2150E333-8FDC-42A3-9474-1A3956D46DE8}") = "Kafka", "Kafka", "{6C257BD2-AE7B-4537-922A-87FA1E478211}"
EndProject
Project("{9A19103F-16F7-4668-BE54-9A1E7A4F7556}") = "Kafka.Client", "CSharp\Kafka\Client\Kafka.Client.csproj", "{29037FE1-5DC4-46EE-9C78-B1C706472FD1}"
EndProject
Project("{9A19103F-16F7-4668-BE54-9A1E7A4F7556}") = "Kafka.Client.Tests", "CSharp\Kafka\Client.Tests\Kafka.Client.Tests.csproj", "{E61EB50E-DC32-4379-AFF2-4FC64694083B}"
EndProject
Project("{9A19103F-16F7-4668-BE54-9A1E7A4F7556}") = "Kafka.CloudEvents", "CSharp\Kafka\CloudEvents\Kafka.CloudEvents.csproj", "{4D186AA7-B8C9-48B2-A5C7-D3EE44E8A7C6}"
EndProject
Project("{9A19103F-16F7-4668-BE54-9A1E7A4F7556}") = "Kafka.CloudEvents.Tests", "CSharp\Kafka\CloudEvents.Tests\Kafka.CloudEvents.Tests.csproj", "{A7ABAB88-0744-4D61-9157-16C247A021BD}"
EndProject
Project("{2150E333-8FDC-42A3-9474-1A3956D46DE8}") = "MongoDB", "MongoDB", "{FBF256F6-1165-4CBE-ADB1-2FF225BD4C9B}"
EndProject
Project("{2150E333-8FDC-42A3-9474-1A3956D46DE8}") = "CRUD", "CRUD", "{B11F0DA1-33BF-414A-A41E-E511E6F8E956}"
EndProject
Project("{9A19103F-16F7-4668-BE54-9A1E7A4F7556}") = "MongoDB.CRUD.Client", "CSharp\MongoDB\CRUD\Client\MongoDB.CRUD.Client.csproj", "{101C44F8-BDE3-43C1-BBC3-A4D3083567E6}"
EndProject
Project("{9A19103F-16F7-4668-BE54-9A1E7A4F7556}") = "MongoDB.CRUD.Client.Tests", "CSharp\MongoDB\CRUD\Client.Tests\MongoDB.CRUD.Client.Tests.csproj", "{DE59865D-1ECD-4A98-8A1C-7794C7A5DA48}"
EndProject
Project("{2150E333-8FDC-42A3-9474-1A3956D46DE8}") = "AWS", "AWS", "{34609AD0-E2A1-4D0B-9ED6-F5FADE9F1FB4}"
EndProject
Project("{2150E333-8FDC-42A3-9474-1A3956D46DE8}") = "Lambda", "Lambda", "{710E8F99-DEA7-4A75-9512-CD0424D4686E}"
EndProject
Project("{2150E333-8FDC-42A3-9474-1A3956D46DE8}") = "Kafka", "Kafka", "{01E571A9-A71A-4BE7-A54F-C95EE29DC143}"
EndProject
Project("{2150E333-8FDC-42A3-9474-1A3956D46DE8}") = "REST", "REST", "{439A3248-ADE7-4175-824E-C38C4B127C60}"
EndProject
Project("{9A19103F-16F7-4668-BE54-9A1E7A4F7556}") = "Kafka.REST.Post", "CSharp\AWS\Lambda\Kafka\REST\post\Kafka.REST.Post.csproj", "{583A9B57-94A1-417D-A78C-5B0EC96243CC}"
EndProject
Project("{2150E333-8FDC-42A3-9474-1A3956D46DE8}") = "MongoDB", "MongoDB", "{96B1C2BD-8E33-42E3-85F2-DAE88960545C}"
EndProject
Project("{2150E333-8FDC-42A3-9474-1A3956D46DE8}") = "REST", "REST", "{D8E1B7A9-EFD2-4900-9E62-B8A0DCA1814F}"
EndProject
Project("{9A19103F-16F7-4668-BE54-9A1E7A4F7556}") = "MongoDB.REST.Delete", "CSharp\AWS\Lambda\MongoDB\REST\delete\MongoDB.REST.Delete.csproj", "{F3B049D2-439D-4E80-8A2E-35ACD3831639}"
EndProject
Project("{9A19103F-16F7-4668-BE54-9A1E7A4F7556}") = "MongoDB.REST.Get", "CSharp\AWS\Lambda\MongoDB\REST\get\MongoDB.REST.Get.csproj", "{1CD97306-2D1E-4DAF-B531-E1AFBFF62171}"
EndProject
Project("{9A19103F-16F7-4668-BE54-9A1E7A4F7556}") = "MongoDB.REST.Post", "CSharp\AWS\Lambda\MongoDB\REST\post\MongoDB.REST.Post.csproj", "{45CE7A48-2B66-4BA3-ABC9-C66BC11E814D}"
EndProject
Project("{9A19103F-16F7-4668-BE54-9A1E7A4F7556}") = "MongoDB.REST.Put", "CSharp\AWS\Lambda\MongoDB\REST\put-patch\MongoDB.REST.Put.csproj", "{1CB62013-0D0B-4D9C-A2A2-7042814B6ACC}"
EndProject
Global
	GlobalSection(SolutionConfigurationPlatforms) = preSolution
		Debug|Any CPU = Debug|Any CPU
		Release|Any CPU = Release|Any CPU
	EndGlobalSection
	GlobalSection(ProjectConfigurationPlatforms) = postSolution
		{68179A8F-D8CE-4BE6-9B49-609C59469B59}.Debug|Any CPU.ActiveCfg = Debug|Any CPU
		{68179A8F-D8CE-4BE6-9B49-609C59469B59}.Debug|Any CPU.Build.0 = Debug|Any CPU
		{68179A8F-D8CE-4BE6-9B49-609C59469B59}.Release|Any CPU.ActiveCfg = Release|Any CPU
		{68179A8F-D8CE-4BE6-9B49-609C59469B59}.Release|Any CPU.Build.0 = Release|Any CPU
		{44F865B5-2CEE-4DE5-81C4-3412166FBD1F}.Debug|Any CPU.ActiveCfg = Debug|Any CPU
		{44F865B5-2CEE-4DE5-81C4-3412166FBD1F}.Debug|Any CPU.Build.0 = Debug|Any CPU
		{44F865B5-2CEE-4DE5-81C4-3412166FBD1F}.Release|Any CPU.ActiveCfg = Release|Any CPU
		{44F865B5-2CEE-4DE5-81C4-3412166FBD1F}.Release|Any CPU.Build.0 = Release|Any CPU
		{AA2F16D7-E2FE-4E53-956D-E91C1BECBC57}.Debug|Any CPU.ActiveCfg = Debug|Any CPU
		{AA2F16D7-E2FE-4E53-956D-E91C1BECBC57}.Debug|Any CPU.Build.0 = Debug|Any CPU
		{AA2F16D7-E2FE-4E53-956D-E91C1BECBC57}.Release|Any CPU.ActiveCfg = Release|Any CPU
		{AA2F16D7-E2FE-4E53-956D-E91C1BECBC57}.Release|Any CPU.Build.0 = Release|Any CPU
		{29037FE1-5DC4-46EE-9C78-B1C706472FD1}.Debug|Any CPU.ActiveCfg = Debug|Any CPU
		{29037FE1-5DC4-46EE-9C78-B1C706472FD1}.Debug|Any CPU.Build.0 = Debug|Any CPU
		{29037FE1-5DC4-46EE-9C78-B1C706472FD1}.Release|Any CPU.ActiveCfg = Release|Any CPU
		{29037FE1-5DC4-46EE-9C78-B1C706472FD1}.Release|Any CPU.Build.0 = Release|Any CPU
		{E61EB50E-DC32-4379-AFF2-4FC64694083B}.Debug|Any CPU.ActiveCfg = Debug|Any CPU
		{E61EB50E-DC32-4379-AFF2-4FC64694083B}.Debug|Any CPU.Build.0 = Debug|Any CPU
		{E61EB50E-DC32-4379-AFF2-4FC64694083B}.Release|Any CPU.ActiveCfg = Release|Any CPU
		{E61EB50E-DC32-4379-AFF2-4FC64694083B}.Release|Any CPU.Build.0 = Release|Any CPU
		{4D186AA7-B8C9-48B2-A5C7-D3EE44E8A7C6}.Debug|Any CPU.ActiveCfg = Debug|Any CPU
		{4D186AA7-B8C9-48B2-A5C7-D3EE44E8A7C6}.Debug|Any CPU.Build.0 = Debug|Any CPU
		{4D186AA7-B8C9-48B2-A5C7-D3EE44E8A7C6}.Release|Any CPU.ActiveCfg = Release|Any CPU
		{4D186AA7-B8C9-48B2-A5C7-D3EE44E8A7C6}.Release|Any CPU.Build.0 = Release|Any CPU
		{A7ABAB88-0744-4D61-9157-16C247A021BD}.Debug|Any CPU.ActiveCfg = Debug|Any CPU
		{A7ABAB88-0744-4D61-9157-16C247A021BD}.Debug|Any CPU.Build.0 = Debug|Any CPU
		{A7ABAB88-0744-4D61-9157-16C247A021BD}.Release|Any CPU.ActiveCfg = Release|Any CPU
		{A7ABAB88-0744-4D61-9157-16C247A021BD}.Release|Any CPU.Build.0 = Release|Any CPU
		{101C44F8-BDE3-43C1-BBC3-A4D3083567E6}.Debug|Any CPU.ActiveCfg = Debug|Any CPU
		{101C44F8-BDE3-43C1-BBC3-A4D3083567E6}.Debug|Any CPU.Build.0 = Debug|Any CPU
		{101C44F8-BDE3-43C1-BBC3-A4D3083567E6}.Release|Any CPU.ActiveCfg = Release|Any CPU
		{101C44F8-BDE3-43C1-BBC3-A4D3083567E6}.Release|Any CPU.Build.0 = Release|Any CPU
		{DE59865D-1ECD-4A98-8A1C-7794C7A5DA48}.Debug|Any CPU.ActiveCfg = Debug|Any CPU
		{DE59865D-1ECD-4A98-8A1C-7794C7A5DA48}.Debug|Any CPU.Build.0 = Debug|Any CPU
		{DE59865D-1ECD-4A98-8A1C-7794C7A5DA48}.Release|Any CPU.ActiveCfg = Release|Any CPU
		{DE59865D-1ECD-4A98-8A1C-7794C7A5DA48}.Release|Any CPU.Build.0 = Release|Any CPU
		{583A9B57-94A1-417D-A78C-5B0EC96243CC}.Debug|Any CPU.ActiveCfg = Debug|Any CPU
		{583A9B57-94A1-417D-A78C-5B0EC96243CC}.Debug|Any CPU.Build.0 = Debug|Any CPU
		{583A9B57-94A1-417D-A78C-5B0EC96243CC}.Release|Any CPU.ActiveCfg = Release|Any CPU
		{583A9B57-94A1-417D-A78C-5B0EC96243CC}.Release|Any CPU.Build.0 = Release|Any CPU
		{F3B049D2-439D-4E80-8A2E-35ACD3831639}.Debug|Any CPU.ActiveCfg = Debug|Any CPU
		{F3B049D2-439D-4E80-8A2E-35ACD3831639}.Debug|Any CPU.Build.0 = Debug|Any CPU
		{F3B049D2-439D-4E80-8A2E-35ACD3831639}.Release|Any CPU.ActiveCfg = Release|Any CPU
		{F3B049D2-439D-4E80-8A2E-35ACD3831639}.Release|Any CPU.Build.0 = Release|Any CPU
		{1CD97306-2D1E-4DAF-B531-E1AFBFF62171}.Debug|Any CPU.ActiveCfg = Debug|Any CPU
		{1CD97306-2D1E-4DAF-B531-E1AFBFF62171}.Debug|Any CPU.Build.0 = Debug|Any CPU
		{1CD97306-2D1E-4DAF-B531-E1AFBFF62171}.Release|Any CPU.ActiveCfg = Release|Any CPU
		{1CD97306-2D1E-4DAF-B531-E1AFBFF62171}.Release|Any CPU.Build.0 = Release|Any CPU
		{45CE7A48-2B66-4BA3-ABC9-C66BC11E814D}.Debug|Any CPU.ActiveCfg = Debug|Any CPU
		{45CE7A48-2B66-4BA3-ABC9-C66BC11E814D}.Debug|Any CPU.Build.0 = Debug|Any CPU
		{45CE7A48-2B66-4BA3-ABC9-C66BC11E814D}.Release|Any CPU.ActiveCfg = Release|Any CPU
		{45CE7A48-2B66-4BA3-ABC9-C66BC11E814D}.Release|Any CPU.Build.0 = Release|Any CPU
		{1CB62013-0D0B-4D9C-A2A2-7042814B6ACC}.Debug|Any CPU.ActiveCfg = Debug|Any CPU
		{1CB62013-0D0B-4D9C-A2A2-7042814B6ACC}.Debug|Any CPU.Build.0 = Debug|Any CPU
		{1CB62013-0D0B-4D9C-A2A2-7042814B6ACC}.Release|Any CPU.ActiveCfg = Release|Any CPU
		{1CB62013-0D0B-4D9C-A2A2-7042814B6ACC}.Release|Any CPU.Build.0 = Release|Any CPU
	EndGlobalSection
	GlobalSection(SolutionProperties) = preSolution
		HideSolutionNode = FALSE
	EndGlobalSection
	GlobalSection(NestedProjects) = preSolution
		{C6973F05-9E73-4641-940A-5CB170C349FA} = {98F7084D-562B-4401-AD83-37D0519A26A4}
		{68179A8F-D8CE-4BE6-9B49-609C59469B59} = {C6973F05-9E73-4641-940A-5CB170C349FA}
		{44F865B5-2CEE-4DE5-81C4-3412166FBD1F} = {C6973F05-9E73-4641-940A-5CB170C349FA}
		{AA2F16D7-E2FE-4E53-956D-E91C1BECBC57} = {C6973F05-9E73-4641-940A-5CB170C349FA}
		{6C257BD2-AE7B-4537-922A-87FA1E478211} = {98F7084D-562B-4401-AD83-37D0519A26A4}
		{29037FE1-5DC4-46EE-9C78-B1C706472FD1} = {6C257BD2-AE7B-4537-922A-87FA1E478211}
		{E61EB50E-DC32-4379-AFF2-4FC64694083B} = {6C257BD2-AE7B-4537-922A-87FA1E478211}
		{4D186AA7-B8C9-48B2-A5C7-D3EE44E8A7C6} = {6C257BD2-AE7B-4537-922A-87FA1E478211}
		{A7ABAB88-0744-4D61-9157-16C247A021BD} = {6C257BD2-AE7B-4537-922A-87FA1E478211}
		{FBF256F6-1165-4CBE-ADB1-2FF225BD4C9B} = {98F7084D-562B-4401-AD83-37D0519A26A4}
		{B11F0DA1-33BF-414A-A41E-E511E6F8E956} = {FBF256F6-1165-4CBE-ADB1-2FF225BD4C9B}
		{101C44F8-BDE3-43C1-BBC3-A4D3083567E6} = {B11F0DA1-33BF-414A-A41E-E511E6F8E956}
		{DE59865D-1ECD-4A98-8A1C-7794C7A5DA48} = {B11F0DA1-33BF-414A-A41E-E511E6F8E956}
		{34609AD0-E2A1-4D0B-9ED6-F5FADE9F1FB4} = {98F7084D-562B-4401-AD83-37D0519A26A4}
		{710E8F99-DEA7-4A75-9512-CD0424D4686E} = {34609AD0-E2A1-4D0B-9ED6-F5FADE9F1FB4}
		{01E571A9-A71A-4BE7-A54F-C95EE29DC143} = {710E8F99-DEA7-4A75-9512-CD0424D4686E}
		{439A3248-ADE7-4175-824E-C38C4B127C60} = {01E571A9-A71A-4BE7-A54F-C95EE29DC143}
		{583A9B57-94A1-417D-A78C-5B0EC96243CC} = {439A3248-ADE7-4175-824E-C38C4B127C60}
		{96B1C2BD-8E33-42E3-85F2-DAE88960545C} = {710E8F99-DEA7-4A75-9512-CD0424D4686E}
		{D8E1B7A9-EFD2-4900-9E62-B8A0DCA1814F} = {96B1C2BD-8E33-42E3-85F2-DAE88960545C}
		{F3B049D2-439D-4E80-8A2E-35ACD3831639} = {D8E1B7A9-EFD2-4900-9E62-B8A0DCA1814F}
		{1CD97306-2D1E-4DAF-B531-E1AFBFF62171} = {D8E1B7A9-EFD2-4900-9E62-B8A0DCA1814F}
		{45CE7A48-2B66-4BA3-ABC9-C66BC11E814D} = {D8E1B7A9-EFD2-4900-9E62-B8A0DCA1814F}
		{1CB62013-0D0B-4D9C-A2A2-7042814B6ACC} = {D8E1B7A9-EFD2-4900-9E62-B8A0DCA1814F}
	EndGlobalSection
	GlobalSection(ExtensibilityGlobals) = postSolution
		SolutionGuid = {70BF77FB-EF74-4B79-810E-F539D10FF38B}
	EndGlobalSection
EndGlobal
